PODS:
  - CloudFeedback/Admin (0.1.0):
    - CloudFeedback/Core
  - CloudFeedback/Core (0.1.0):
    - CoreDataPersistence (= 0.1.5)
    - Puff (= 0.1.1)
  - CoreDataPersistence (0.1.5)
  - Puff (0.1.1)
  - SWLogger (0.3.1)

DEPENDENCIES:
  - CloudFeedback/Admin (from `.`)
  - CoreDataPersistence (= 0.1.5)
  - Puff (= 0.1.1)
  - SWLogger (from `git@github.com:coodly/swlogger.git`, tag `0.3.1`)

EXTERNAL SOURCES:
  CloudFeedback:
    :path: .
  SWLogger:
    :git: git@github.com:coodly/swlogger.git
    :tag: 0.3.1

CHECKOUT OPTIONS:
  SWLogger:
    :git: git@github.com:coodly/swlogger.git
    :tag: 0.3.1

SPEC CHECKSUMS:
  CloudFeedback: a786d500daa2a55986e586b444b0fdf32ae8082e
  CoreDataPersistence: 605a7fc5a96eeea8e27d0f02607b51627fe774bc
  Puff: 19eead0cba890c5daa01eb7a19591574c2e2b1a8
  SWLogger: 333135cadd381962c3667f5af500f7ae140c74a4

PODFILE CHECKSUM: 092d6b01d46736b4527548cbe2c21c8ed75e6ef3

COCOAPODS: 1.4.0
