PODS:
  - CloudFeedback/Admin (0.3.3):
    - CloudFeedback/Core
  - CloudFeedback/Core (0.3.3):
    - CoreDataPersistence (= 0.2.4)
    - Puff/Core (= 0.6.2)
    - Puff/CoreData (= 0.6.2)
  - CoreDataPersistence (0.2.4)
  - Puff (0.6.2):
    - Puff/Core (= 0.6.2)
  - Puff/Core (0.6.2):
    - Puff/Logger
    - Puff/Serialization
  - Puff/CoreData (0.6.2)
  - Puff/Logger (0.6.2)
  - Puff/Serialization (0.6.2):
    - Puff/Logger
  - SWLogger (0.3.4)

DEPENDENCIES:
  - CloudFeedback/Admin (from `.`)
  - CoreDataPersistence (= 0.2.4)
  - Puff (= 0.6.2)
  - "SWLogger (from `git@github.com:coodly/swlogger.git`, tag `0.3.4`)"

SPEC REPOS:
  https://github.com/coodly/Specs.git:
    - CoreDataPersistence
    - Puff

EXTERNAL SOURCES:
  CloudFeedback:
    :path: "."
  SWLogger:
    :git: "git@github.com:coodly/swlogger.git"
    :tag: 0.3.4

CHECKOUT OPTIONS:
  SWLogger:
    :git: "git@github.com:coodly/swlogger.git"
    :tag: 0.3.4

SPEC CHECKSUMS:
  CloudFeedback: 95cf02ce0c70a30865d4c34874e0237ce15f6871
  CoreDataPersistence: 26bbfbb6d2311d0ac9deb57e6903d4bb0a2e4141
  Puff: 55e8b337d559cade0025ee287397ec18c2a5054b
  SWLogger: 1492feb53bc5c9c44de89683f25f598195165ef4

PODFILE CHECKSUM: 6503d02b9fcd0d9e54b55b9dbefb347134dc2ff8

COCOAPODS: 1.10.0
