// !$*UTF8*$!
{
	archiveVersion = 1;
	classes = {
	};
	objectVersion = 48;
	objects = {

/* Begin PBXBuildFile section */
		A7C903691FE0EBC600FE921A /* AppDelegate.swift in Sources */ = {isa = PBXBuildFile; fileRef = A7C903681FE0EBC600FE921A /* AppDelegate.swift */; };
		A7C9036B1FE0EBC600FE921A /* ViewController.swift in Sources */ = {isa = PBXBuildFile; fileRef = A7C9036A1FE0EBC600FE921A /* ViewController.swift */; };
		A7C9036E1FE0EBC600FE921A /* Main.storyboard in Resources */ = {isa = PBXBuildFile; fileRef = A7C9036C1FE0EBC600FE921A /* Main.storyboard */; };
		A7C903701FE0EBC600FE921A /* Assets.xcassets in Resources */ = {isa = PBXBuildFile; fileRef = A7C9036F1FE0EBC600FE921A /* Assets.xcassets */; };
		A7C903731FE0EBC600FE921A /* LaunchScreen.storyboard in Resources */ = {isa = PBXBuildFile; fileRef = A7C903711FE0EBC600FE921A /* LaunchScreen.storyboard */; };
		DF7EFCF6DB6C248F79C87684 /* Pods_FeedbackAdmin.framework in Frameworks */ = {isa = PBXBuildFile; fileRef = DBAEEB274C9D54B54EB5D6CD /* Pods_FeedbackAdmin.framework */; };
/* End PBXBuildFile section */

/* Begin PBXFileReference section */
		719703010A62BE38279E846E /* Pods-FeedbackAdmin.debug.xcconfig */ = {isa = PBXFileReference; includeInIndex = 1; lastKnownFileType = text.xcconfig; name = "Pods-FeedbackAdmin.debug.xcconfig"; path = "Pods/Target Support Files/Pods-FeedbackAdmin/Pods-FeedbackAdmin.debug.xcconfig"; sourceTree = "<group>"; };
		A7B30DF4D6215F25D8566D8E /* Pods-FeedbackAdmin.release.xcconfig */ = {isa = PBXFileReference; includeInIndex = 1; lastKnownFileType = text.xcconfig; name = "Pods-FeedbackAdmin.release.xcconfig"; path = "Pods/Target Support Files/Pods-FeedbackAdmin/Pods-FeedbackAdmin.release.xcconfig"; sourceTree = "<group>"; };
		A7C903651FE0EBC600FE921A /* FeedbackAdmin.app */ = {isa = PBXFileReference; explicitFileType = wrapper.application; includeInIndex = 0; path = FeedbackAdmin.app; sourceTree = BUILT_PRODUCTS_DIR; };
		A7C903681FE0EBC600FE921A /* AppDelegate.swift */ = {isa = PBXFileReference; lastKnownFileType = sourcecode.swift; path = AppDelegate.swift; sourceTree = "<group>"; };
		A7C9036A1FE0EBC600FE921A /* ViewController.swift */ = {isa = PBXFileReference; lastKnownFileType = sourcecode.swift; path = ViewController.swift; sourceTree = "<group>"; };
		A7C9036D1FE0EBC600FE921A /* Base */ = {isa = PBXFileReference; lastKnownFileType = file.storyboard; name = Base; path = Base.lproj/Main.storyboard; sourceTree = "<group>"; };
		A7C9036F1FE0EBC600FE921A /* Assets.xcassets */ = {isa = PBXFileReference; lastKnownFileType = folder.assetcatalog; path = Assets.xcassets; sourceTree = "<group>"; };
		A7C903721FE0EBC600FE921A /* Base */ = {isa = PBXFileReference; lastKnownFileType = file.storyboard; name = Base; path = Base.lproj/LaunchScreen.storyboard; sourceTree = "<group>"; };
		A7C903741FE0EBC600FE921A /* Info.plist */ = {isa = PBXFileReference; lastKnownFileType = text.plist.xml; path = Info.plist; sourceTree = "<group>"; };
		DBAEEB274C9D54B54EB5D6CD /* Pods_FeedbackAdmin.framework */ = {isa = PBXFileReference; explicitFileType = wrapper.framework; includeInIndex = 0; path = Pods_FeedbackAdmin.framework; sourceTree = BUILT_PRODUCTS_DIR; };
/* End PBXFileReference section */

/* Begin PBXFrameworksBuildPhase section */
		A7C903621FE0EBC600FE921A /* Frameworks */ = {
			isa = PBXFrameworksBuildPhase;
			buildActionMask = 2147483647;
			files = (
				DF7EFCF6DB6C248F79C87684 /* Pods_FeedbackAdmin.framework in Frameworks */,
			);
			runOnlyForDeploymentPostprocessing = 0;
		};
/* End PBXFrameworksBuildPhase section */

/* Begin PBXGroup section */
		A7C9035C1FE0EBC600FE921A = {
			isa = PBXGroup;
			children = (
				A7C903671FE0EBC600FE921A /* FeedbackAdmin */,
				A7C903661FE0EBC600FE921A /* Products */,
				FF8A949D102D9885EE28C128 /* Pods */,
				C79BE95958F68DE2FE9F6E54 /* Frameworks */,
			);
			sourceTree = "<group>";
		};
		A7C903661FE0EBC600FE921A /* Products */ = {
			isa = PBXGroup;
			children = (
				A7C903651FE0EBC600FE921A /* FeedbackAdmin.app */,
			);
			name = Products;
			sourceTree = "<group>";
		};
		A7C903671FE0EBC600FE921A /* FeedbackAdmin */ = {
			isa = PBXGroup;
			children = (
				A7C903681FE0EBC600FE921A /* AppDelegate.swift */,
				A7C9036A1FE0EBC600FE921A /* ViewController.swift */,
				A7C9036C1FE0EBC600FE921A /* Main.storyboard */,
				A7C9036F1FE0EBC600FE921A /* Assets.xcassets */,
				A7C903711FE0EBC600FE921A /* LaunchScreen.storyboard */,
				A7C903741FE0EBC600FE921A /* Info.plist */,
			);
			path = FeedbackAdmin;
			sourceTree = "<group>";
		};
		C79BE95958F68DE2FE9F6E54 /* Frameworks */ = {
			isa = PBXGroup;
			children = (
				DBAEEB274C9D54B54EB5D6CD /* Pods_FeedbackAdmin.framework */,
			);
			name = Frameworks;
			sourceTree = "<group>";
		};
		FF8A949D102D9885EE28C128 /* Pods */ = {
			isa = PBXGroup;
			children = (
				719703010A62BE38279E846E /* Pods-FeedbackAdmin.debug.xcconfig */,
				A7B30DF4D6215F25D8566D8E /* Pods-FeedbackAdmin.release.xcconfig */,
			);
			name = Pods;
			sourceTree = "<group>";
		};
/* End PBXGroup section */

/* Begin PBXNativeTarget section */
		A7C903641FE0EBC600FE921A /* FeedbackAdmin */ = {
			isa = PBXNativeTarget;
			buildConfigurationList = A7C903771FE0EBC600FE921A /* Build configuration list for PBXNativeTarget "FeedbackAdmin" */;
			buildPhases = (
				690EB7342C576FDBFE977916 /* [CP] Check Pods Manifest.lock */,
				A7C903611FE0EBC600FE921A /* Sources */,
				A7C903621FE0EBC600FE921A /* Frameworks */,
				A7C903631FE0EBC600FE921A /* Resources */,
				DF3AFB32EC6A481DDBD85C89 /* [CP] Embed Pods Frameworks */,
				8512D08B98DC6EABF177048A /* [CP] Copy Pods Resources */,
			);
			buildRules = (
			);
			dependencies = (
			);
			name = FeedbackAdmin;
			productName = FeedbackAdmin;
			productReference = A7C903651FE0EBC600FE921A /* FeedbackAdmin.app */;
			productType = "com.apple.product-type.application";
		};
/* End PBXNativeTarget section */

/* Begin PBXProject section */
		A7C9035D1FE0EBC600FE921A /* Project object */ = {
			isa = PBXProject;
			attributes = {
				LastSwiftUpdateCheck = 0920;
				LastUpgradeCheck = 0920;
				ORGANIZATIONNAME = "Jaanus Siim";
				TargetAttributes = {
					A7C903641FE0EBC600FE921A = {
						CreatedOnToolsVersion = 9.2;
						ProvisioningStyle = Automatic;
					};
				};
			};
			buildConfigurationList = A7C903601FE0EBC600FE921A /* Build configuration list for PBXProject "FeedbackAdmin" */;
			compatibilityVersion = "Xcode 8.0";
			developmentRegion = en;
			hasScannedForEncodings = 0;
			knownRegions = (
				en,
				Base,
			);
			mainGroup = A7C9035C1FE0EBC600FE921A;
			productRefGroup = A7C903661FE0EBC600FE921A /* Products */;
			projectDirPath = "";
			projectRoot = "";
			targets = (
				A7C903641FE0EBC600FE921A /* FeedbackAdmin */,
			);
		};
/* End PBXProject section */

/* Begin PBXResourcesBuildPhase section */
		A7C903631FE0EBC600FE921A /* Resources */ = {
			isa = PBXResourcesBuildPhase;
			buildActionMask = 2147483647;
			files = (
				A7C903731FE0EBC600FE921A /* LaunchScreen.storyboard in Resources */,
				A7C903701FE0EBC600FE921A /* Assets.xcassets in Resources */,
				A7C9036E1FE0EBC600FE921A /* Main.storyboard in Resources */,
			);
			runOnlyForDeploymentPostprocessing = 0;
		};
/* End PBXResourcesBuildPhase section */

/* Begin PBXShellScriptBuildPhase section */
		690EB7342C576FDBFE977916 /* [CP] Check Pods Manifest.lock */ = {
			isa = PBXShellScriptBuildPhase;
			buildActionMask = 2147483647;
			files = (
			);
			inputPaths = (
				"${PODS_PODFILE_DIR_PATH}/Podfile.lock",
				"${PODS_ROOT}/Manifest.lock",
			);
			name = "[CP] Check Pods Manifest.lock";
			outputPaths = (
				"$(DERIVED_FILE_DIR)/Pods-FeedbackAdmin-checkManifestLockResult.txt",
			);
			runOnlyForDeploymentPostprocessing = 0;
			shellPath = /bin/sh;
			shellScript = "diff \"${PODS_PODFILE_DIR_PATH}/Podfile.lock\" \"${PODS_ROOT}/Manifest.lock\" > /dev/null\nif [ $? != 0 ] ; then\n    # print error to STDERR\n    echo \"error: The sandbox is not in sync with the Podfile.lock. Run 'pod install' or update your CocoaPods installation.\" >&2\n    exit 1\nfi\n# This output is used by Xcode 'outputs' to avoid re-running this script phase.\necho \"SUCCESS\" > \"${SCRIPT_OUTPUT_FILE_0}\"\n";
			showEnvVarsInLog = 0;
		};
		8512D08B98DC6EABF177048A /* [CP] Copy Pods Resources */ = {
			isa = PBXShellScriptBuildPhase;
			buildActionMask = 2147483647;
			files = (
			);
			inputPaths = (
			);
			name = "[CP] Copy Pods Resources";
			outputPaths = (
			);
			runOnlyForDeploymentPostprocessing = 0;
			shellPath = /bin/sh;
			shellScript = "\"${SRCROOT}/Pods/Target Support Files/Pods-FeedbackAdmin/Pods-FeedbackAdmin-resources.sh\"\n";
			showEnvVarsInLog = 0;
		};
		DF3AFB32EC6A481DDBD85C89 /* [CP] Embed Pods Frameworks */ = {
			isa = PBXShellScriptBuildPhase;
			buildActionMask = 2147483647;
			files = (
			);
			inputPaths = (
				"${SRCROOT}/Pods/Target Support Files/Pods-FeedbackAdmin/Pods-FeedbackAdmin-frameworks.sh",
				"${BUILT_PRODUCTS_DIR}/CoreDataPersistence/CoreDataPersistence.framework",
				"${BUILT_PRODUCTS_DIR}/Puff/Puff.framework",
			);
			name = "[CP] Embed Pods Frameworks";
			outputPaths = (
				"${TARGET_BUILD_DIR}/${FRAMEWORKS_FOLDER_PATH}/CoreDataPersistence.framework",
				"${TARGET_BUILD_DIR}/${FRAMEWORKS_FOLDER_PATH}/Puff.framework",
			);
			runOnlyForDeploymentPostprocessing = 0;
			shellPath = /bin/sh;
			shellScript = "\"${SRCROOT}/Pods/Target Support Files/Pods-FeedbackAdmin/Pods-FeedbackAdmin-frameworks.sh\"\n";
			showEnvVarsInLog = 0;
		};
/* End PBXShellScriptBuildPhase section */

/* Begin PBXSourcesBuildPhase section */
		A7C903611FE0EBC600FE921A /* Sources */ = {
			isa = PBXSourcesBuildPhase;
			buildActionMask = 2147483647;
			files = (
				A7C9036B1FE0EBC600FE921A /* ViewController.swift in Sources */,
				A7C903691FE0EBC600FE921A /* AppDelegate.swift in Sources */,
			);
			runOnlyForDeploymentPostprocessing = 0;
		};
/* End PBXSourcesBuildPhase section */

/* Begin PBXVariantGroup section */
		A7C9036C1FE0EBC600FE921A /* Main.storyboard */ = {
			isa = PBXVariantGroup;
			children = (
				A7C9036D1FE0EBC600FE921A /* Base */,
			);
			name = Main.storyboard;
			sourceTree = "<group>";
		};
		A7C903711FE0EBC600FE921A /* LaunchScreen.storyboard */ = {
			isa = PBXVariantGroup;
			children = (
				A7C903721FE0EBC600FE921A /* Base */,
			);
			name = LaunchScreen.storyboard;
			sourceTree = "<group>";
		};
/* End PBXVariantGroup section */

/* Begin XCBuildConfiguration section */
		A7C903751FE0EBC600FE921A /* Debug */ = {
			isa = XCBuildConfiguration;
			buildSettings = {
				ALWAYS_SEARCH_USER_PATHS = NO;
				CLANG_ANALYZER_NONNULL = YES;
				CLANG_ANALYZER_NUMBER_OBJECT_CONVERSION = YES_AGGRESSIVE;
				CLANG_CXX_LANGUAGE_STANDARD = "gnu++14";
				CLANG_CXX_LIBRARY = "libc++";
				CLANG_ENABLE_MODULES = YES;
				CLANG_ENABLE_OBJC_ARC = YES;
				CLANG_WARN_BLOCK_CAPTURE_AUTORELEASING = YES;
				CLANG_WARN_BOOL_CONVERSION = YES;
				CLANG_WARN_COMMA = YES;
				CLANG_WARN_CONSTANT_CONVERSION = YES;
				CLANG_WARN_DIRECT_OBJC_ISA_USAGE = YES_ERROR;
				CLANG_WARN_DOCUMENTATION_COMMENTS = YES;
				CLANG_WARN_EMPTY_BODY = YES;
				CLANG_WARN_ENUM_CONVERSION = YES;
				CLANG_WARN_INFINITE_RECURSION = YES;
				CLANG_WARN_INT_CONVERSION = YES;
				CLANG_WARN_NON_LITERAL_NULL_CONVERSION = YES;
				CLANG_WARN_OBJC_LITERAL_CONVERSION = YES;
				CLANG_WARN_OBJC_ROOT_CLASS = YES_ERROR;
				CLANG_WARN_RANGE_LOOP_ANALYSIS = YES;
				CLANG_WARN_STRICT_PROTOTYPES = YES;
				CLANG_WARN_SUSPICIOUS_MOVE = YES;
				CLANG_WARN_UNGUARDED_AVAILABILITY = YES_AGGRESSIVE;
				CLANG_WARN_UNREACHABLE_CODE = YES;
				CLANG_WARN__DUPLICATE_METHOD_MATCH = YES;
				CODE_SIGN_IDENTITY = "iPhone Developer";
				COPY_PHASE_STRIP = NO;
				DEBUG_INFORMATION_FORMAT = dwarf;
				ENABLE_STRICT_OBJC_MSGSEND = YES;
				ENABLE_TESTABILITY = YES;
				GCC_C_LANGUAGE_STANDARD = gnu11;
				GCC_DYNAMIC_NO_PIC = NO;
				GCC_NO_COMMON_BLOCKS = YES;
				GCC_OPTIMIZATION_LEVEL = 0;
				GCC_PREPROCESSOR_DEFINITIONS = (
					"DEBUG=1",
					"$(inherited)",
				);
				GCC_WARN_64_TO_32_BIT_CONVERSION = YES;
				GCC_WARN_ABOUT_RETURN_TYPE = YES_ERROR;
				GCC_WARN_UNDECLARED_SELECTOR = YES;
				GCC_WARN_UNINITIALIZED_AUTOS = YES_AGGRESSIVE;
				GCC_WARN_UNUSED_FUNCTION = YES;
				GCC_WARN_UNUSED_VARIABLE = YES;
				IPHONEOS_DEPLOYMENT_TARGET = 11.2;
				MTL_ENABLE_DEBUG_INFO = YES;
				ONLY_ACTIVE_ARCH = YES;
				SDKROOT = iphoneos;
				SWIFT_ACTIVE_COMPILATION_CONDITIONS = DEBUG;
				SWIFT_OPTIMIZATION_LEVEL = "-Onone";
			};
			name = Debug;
		};
		A7C903761FE0EBC600FE921A /* Release */ = {
			isa = XCBuildConfiguration;
			buildSettings = {
				ALWAYS_SEARCH_USER_PATHS = NO;
				CLANG_ANALYZER_NONNULL = YES;
				CLANG_ANALYZER_NUMBER_OBJECT_CONVERSION = YES_AGGRESSIVE;
				CLANG_CXX_LANGUAGE_STANDARD = "gnu++14";
				CLANG_CXX_LIBRARY = "libc++";
				CLANG_ENABLE_MODULES = YES;
				CLANG_ENABLE_OBJC_ARC = YES;
				CLANG_WARN_BLOCK_CAPTURE_AUTORELEASING = YES;
				CLANG_WARN_BOOL_CONVERSION = YES;
				CLANG_WARN_COMMA = YES;
				CLANG_WARN_CONSTANT_CONVERSION = YES;
				CLANG_WARN_DIRECT_OBJC_ISA_USAGE = YES_ERROR;
				CLANG_WARN_DOCUMENTATION_COMMENTS = YES;
				CLANG_WARN_EMPTY_BODY = YES;
				CLANG_WARN_ENUM_CONVERSION = YES;
				CLANG_WARN_INFINITE_RECURSION = YES;
				CLANG_WARN_INT_CONVERSION = YES;
				CLANG_WARN_NON_LITERAL_NULL_CONVERSION = YES;
				CLANG_WARN_OBJC_LITERAL_CONVERSION = YES;
				CLANG_WARN_OBJC_ROOT_CLASS = YES_ERROR;
				CLANG_WARN_RANGE_LOOP_ANALYSIS = YES;
				CLANG_WARN_STRICT_PROTOTYPES = YES;
				CLANG_WARN_SUSPICIOUS_MOVE = YES;
				CLANG_WARN_UNGUARDED_AVAILABILITY = YES_AGGRESSIVE;
				CLANG_WARN_UNREACHABLE_CODE = YES;
				CLANG_WARN__DUPLICATE_METHOD_MATCH = YES;
				CODE_SIGN_IDENTITY = "iPhone Developer";
				COPY_PHASE_STRIP = NO;
				DEBUG_INFORMATION_FORMAT = "dwarf-with-dsym";
				ENABLE_NS_ASSERTIONS = NO;
				ENABLE_STRICT_OBJC_MSGSEND = YES;
				GCC_C_LANGUAGE_STANDARD = gnu11;
				GCC_NO_COMMON_BLOCKS = YES;
				GCC_WARN_64_TO_32_BIT_CONVERSION = YES;
				GCC_WARN_ABOUT_RETURN_TYPE = YES_ERROR;
				GCC_WARN_UNDECLARED_SELECTOR = YES;
				GCC_WARN_UNINITIALIZED_AUTOS = YES_AGGRESSIVE;
				GCC_WARN_UNUSED_FUNCTION = YES;
				GCC_WARN_UNUSED_VARIABLE = YES;
				IPHONEOS_DEPLOYMENT_TARGET = 11.2;
				MTL_ENABLE_DEBUG_INFO = NO;
				SDKROOT = iphoneos;
				SWIFT_OPTIMIZATION_LEVEL = "-Owholemodule";
				VALIDATE_PRODUCT = YES;
			};
			name = Release;
		};
		A7C903781FE0EBC600FE921A /* Debug */ = {
			isa = XCBuildConfiguration;
			baseConfigurationReference = 719703010A62BE38279E846E /* Pods-FeedbackAdmin.debug.xcconfig */;
			buildSettings = {
				ASSETCATALOG_COMPILER_APPICON_NAME = AppIcon;
				CODE_SIGN_STYLE = Automatic;
				DEVELOPMENT_TEAM = 5T8DRBFCBP;
				INFOPLIST_FILE = FeedbackAdmin/Info.plist;
				LD_RUNPATH_SEARCH_PATHS = "$(inherited) @executable_path/Frameworks";
				PRODUCT_BUNDLE_IDENTIFIER = com.coodly.FeedbackAdmin;
				PRODUCT_NAME = "$(TARGET_NAME)";
				SWIFT_VERSION = 4.0;
				TARGETED_DEVICE_FAMILY = "1,2";
			};
			name = Debug;
		};
		A7C903791FE0EBC600FE921A /* Release */ = {
			isa = XCBuildConfiguration;
			baseConfigurationReference = A7B30DF4D6215F25D8566D8E /* Pods-FeedbackAdmin.release.xcconfig */;
			buildSettings = {
				ASSETCATALOG_COMPILER_APPICON_NAME = AppIcon;
				CODE_SIGN_STYLE = Automatic;
				DEVELOPMENT_TEAM = 5T8DRBFCBP;
				INFOPLIST_FILE = FeedbackAdmin/Info.plist;
				LD_RUNPATH_SEARCH_PATHS = "$(inherited) @executable_path/Frameworks";
				PRODUCT_BUNDLE_IDENTIFIER = com.coodly.FeedbackAdmin;
				PRODUCT_NAME = "$(TARGET_NAME)";
				SWIFT_VERSION = 4.0;
				TARGETED_DEVICE_FAMILY = "1,2";
			};
			name = Release;
		};
/* End XCBuildConfiguration section */

/* Begin XCConfigurationList section */
		A7C903601FE0EBC600FE921A /* Build configuration list for PBXProject "FeedbackAdmin" */ = {
			isa = XCConfigurationList;
			buildConfigurations = (
				A7C903751FE0EBC600FE921A /* Debug */,
				A7C903761FE0EBC600FE921A /* Release */,
			);
			defaultConfigurationIsVisible = 0;
			defaultConfigurationName = Release;
		};
		A7C903771FE0EBC600FE921A /* Build configuration list for PBXNativeTarget "FeedbackAdmin" */ = {
			isa = XCConfigurationList;
			buildConfigurations = (
				A7C903781FE0EBC600FE921A /* Debug */,
				A7C903791FE0EBC600FE921A /* Release */,
			);
			defaultConfigurationIsVisible = 0;
			defaultConfigurationName = Release;
		};
/* End XCConfigurationList section */
	};
	rootObject = A7C9035D1FE0EBC600FE921A /* Project object */;
}
